
Microsoft Visual Studio Solution File, Format Version 12.00
# Visual Studio Version 17
VisualStudioVersion = 17.0.32112.339
MinimumVisualStudioVersion = 10.0.40219.1
Project("{8BC9CEB8-8B4A-11D0-8D11-00A0C91BC942}") = "Organizer", "Organizer.vcxproj", "{AF51A46F-30D7-4DA4-B0ED-CC93270657D3}"
EndProject
Global
	GlobalSection(SolutionConfigurationPlatforms) = preSolution
		Debug|x64 = Debug|x64
		Debug|x86 = Debug|x86
		Release|x64 = Release|x64
		Release|x86 = Release|x86
	EndGlobalSection
	GlobalSection(ProjectConfigurationPlatforms) = postSolution
		{AF51A46F-30D7-4DA4-B0ED-CC93270657D3}.Debug|x64.ActiveCfg = Debug|x64
		{AF51A46F-30D7-4DA4-B0ED-CC93270657D3}.Debug|x64.Build.0 = Debug|x64
		{AF51A46F-30D7-4DA4-B0ED-CC93270657D3}.Debug|x86.ActiveCfg = Debug|Win32
		{AF51A46F-30D7-4DA4-B0ED-CC93270657D3}.Debug|x86.Build.0 = Debug|Win32
		{AF51A46F-30D7-4DA4-B0ED-CC93270657D3}.Release|x64.ActiveCfg = Release|x64
		{AF51A46F-30D7-4DA4-B0ED-CC93270657D3}.Release|x64.Build.0 = Release|x64
		{AF51A46F-30D7-4DA4-B0ED-CC93270657D3}.Release|x86.ActiveCfg = Release|Win32
		{AF51A46F-30D7-4DA4-B0ED-CC93270657D3}.Release|x86.Build.0 = Release|Win32
	EndGlobalSection
	GlobalSection(SolutionProperties) = preSolution
		HideSolutionNode = FALSE
	EndGlobalSection
	GlobalSection(ExtensibilityGlobals) = postSolution
		SolutionGuid = {B376BEC1-9E43-4777-A4EC-25F8C46F46E6}
	EndGlobalSection
EndGlobal
